
Microsoft Visual Studio Solution File, Format Version 12.00
# Visual Studio Version 17
VisualStudioVersion = 17.0.32112.339
MinimumVisualStudioVersion = 10.0.40219.1
Project("{9A19103F-16F7-4668-BE54-9A1E7A4F7556}") = "DataAccessLayer", "DataAccessLayer\DataAccessLayer.csproj", "{81BB18A7-4677-4E25-A247-EDD9203C664F}"
EndProject
Project("{9A19103F-16F7-4668-BE54-9A1E7A4F7556}") = "BusinessLayer", "BusinessLayer\BusinessLayer.csproj", "{16A467A5-2813-42F7-A18A-D061313EAD8D}"
EndProject
Project("{9A19103F-16F7-4668-BE54-9A1E7A4F7556}") = "Model", "Model\Model.csproj", "{2C4BD02F-822C-404F-B029-68A16BF1266F}"
EndProject
Project("{9A19103F-16F7-4668-BE54-9A1E7A4F7556}") = "WebApi", "WebApi\WebApi.csproj", "{E35CD668-C61D-4952-A23C-ABA58AA6D19E}"
EndProject
Global
	GlobalSection(SolutionConfigurationPlatforms) = preSolution
		Debug|Any CPU = Debug|Any CPU
		Release|Any CPU = Release|Any CPU
	EndGlobalSection
	GlobalSection(ProjectConfigurationPlatforms) = postSolution
		{81BB18A7-4677-4E25-A247-EDD9203C664F}.Debug|Any CPU.ActiveCfg = Debug|Any CPU
		{81BB18A7-4677-4E25-A247-EDD9203C664F}.Debug|Any CPU.Build.0 = Debug|Any CPU
		{81BB18A7-4677-4E25-A247-EDD9203C664F}.Release|Any CPU.ActiveCfg = Release|Any CPU
		{81BB18A7-4677-4E25-A247-EDD9203C664F}.Release|Any CPU.Build.0 = Release|Any CPU
		{16A467A5-2813-42F7-A18A-D061313EAD8D}.Debug|Any CPU.ActiveCfg = Debug|Any CPU
		{16A467A5-2813-42F7-A18A-D061313EAD8D}.Debug|Any CPU.Build.0 = Debug|Any CPU
		{16A467A5-2813-42F7-A18A-D061313EAD8D}.Release|Any CPU.ActiveCfg = Release|Any CPU
		{16A467A5-2813-42F7-A18A-D061313EAD8D}.Release|Any CPU.Build.0 = Release|Any CPU
		{2C4BD02F-822C-404F-B029-68A16BF1266F}.Debug|Any CPU.ActiveCfg = Debug|Any CPU
		{2C4BD02F-822C-404F-B029-68A16BF1266F}.Debug|Any CPU.Build.0 = Debug|Any CPU
		{2C4BD02F-822C-404F-B029-68A16BF1266F}.Release|Any CPU.ActiveCfg = Release|Any CPU
		{2C4BD02F-822C-404F-B029-68A16BF1266F}.Release|Any CPU.Build.0 = Release|Any CPU
		{E35CD668-C61D-4952-A23C-ABA58AA6D19E}.Debug|Any CPU.ActiveCfg = Debug|Any CPU
		{E35CD668-C61D-4952-A23C-ABA58AA6D19E}.Debug|Any CPU.Build.0 = Debug|Any CPU
		{E35CD668-C61D-4952-A23C-ABA58AA6D19E}.Release|Any CPU.ActiveCfg = Release|Any CPU
		{E35CD668-C61D-4952-A23C-ABA58AA6D19E}.Release|Any CPU.Build.0 = Release|Any CPU
	EndGlobalSection
	GlobalSection(SolutionProperties) = preSolution
		HideSolutionNode = FALSE
	EndGlobalSection
	GlobalSection(ExtensibilityGlobals) = postSolution
		SolutionGuid = {D2C9651C-6B5D-416B-8AA9-57F124B16334}
	EndGlobalSection
EndGlobal
